// !$*UTF8*$!
{
	archiveVersion = 1;
	classes = {
	};
	objectVersion = 56;
	objects = {

/* Begin PBXBuildFile section */
		241EC97E2BE04E250001AE72 /* WeatherRow.swift in Sources */ = {isa = PBXBuildFile; fileRef = 241EC97D2BE04E250001AE72 /* WeatherRow.swift */; };
		24B9ECBB2BDFF72100F708B8 /* Extensions.swift in Sources */ = {isa = PBXBuildFile; fileRef = 24B9ECBA2BDFF72100F708B8 /* Extensions.swift */; };
		24E9B5772BDC026700F70E47 /* weatherAppDemoApp.swift in Sources */ = {isa = PBXBuildFile; fileRef = 24E9B5762BDC026700F70E47 /* weatherAppDemoApp.swift */; };
		24E9B5792BDC026700F70E47 /* ContentView.swift in Sources */ = {isa = PBXBuildFile; fileRef = 24E9B5782BDC026700F70E47 /* ContentView.swift */; };
		24E9B57B2BDC026800F70E47 /* Assets.xcassets in Resources */ = {isa = PBXBuildFile; fileRef = 24E9B57A2BDC026800F70E47 /* Assets.xcassets */; };
		24E9B57E2BDC026800F70E47 /* Preview Assets.xcassets in Resources */ = {isa = PBXBuildFile; fileRef = 24E9B57D2BDC026800F70E47 /* Preview Assets.xcassets */; };
		24E9B5882BDC026800F70E47 /* weatherAppDemoTests.swift in Sources */ = {isa = PBXBuildFile; fileRef = 24E9B5872BDC026800F70E47 /* weatherAppDemoTests.swift */; };
		24E9B5922BDC026800F70E47 /* weatherAppDemoUITests.swift in Sources */ = {isa = PBXBuildFile; fileRef = 24E9B5912BDC026800F70E47 /* weatherAppDemoUITests.swift */; };
		24E9B5942BDC026800F70E47 /* weatherAppDemoUITestsLaunchTests.swift in Sources */ = {isa = PBXBuildFile; fileRef = 24E9B5932BDC026800F70E47 /* weatherAppDemoUITestsLaunchTests.swift */; };
		24E9B5A22BDC039100F70E47 /* LocationManager.swift in Sources */ = {isa = PBXBuildFile; fileRef = 24E9B5A12BDC039100F70E47 /* LocationManager.swift */; };
		24E9B5A52BDDAA4100F70E47 /* WelcomeView.swift in Sources */ = {isa = PBXBuildFile; fileRef = 24E9B5A42BDDAA4100F70E47 /* WelcomeView.swift */; };
		24E9B5A72BDDADF400F70E47 /* LoadingView.swift in Sources */ = {isa = PBXBuildFile; fileRef = 24E9B5A62BDDADF400F70E47 /* LoadingView.swift */; };
		24E9B5A92BDDB0F600F70E47 /* WeatherManager.swift in Sources */ = {isa = PBXBuildFile; fileRef = 24E9B5A82BDDB0F600F70E47 /* WeatherManager.swift */; };
		24E9B5AB2BDE4FCA00F70E47 /* WeatherView.swift in Sources */ = {isa = PBXBuildFile; fileRef = 24E9B5AA2BDE4FCA00F70E47 /* WeatherView.swift */; };
		24E9B5AD2BDE505B00F70E47 /* ModelData.swift in Sources */ = {isa = PBXBuildFile; fileRef = 24E9B5AC2BDE505B00F70E47 /* ModelData.swift */; };
		24E9B5B12BDE51B300F70E47 /* weatherData.json in Resources */ = {isa = PBXBuildFile; fileRef = 24E9B5B02BDE51B300F70E47 /* weatherData.json */; };
/* End PBXBuildFile section */

/* Begin PBXContainerItemProxy section */
		24E9B5842BDC026800F70E47 /* PBXContainerItemProxy */ = {
			isa = PBXContainerItemProxy;
			containerPortal = 24E9B56B2BDC026700F70E47 /* Project object */;
			proxyType = 1;
			remoteGlobalIDString = 24E9B5722BDC026700F70E47;
			remoteInfo = weatherAppDemo;
		};
		24E9B58E2BDC026800F70E47 /* PBXContainerItemProxy */ = {
			isa = PBXContainerItemProxy;
			containerPortal = 24E9B56B2BDC026700F70E47 /* Project object */;
			proxyType = 1;
			remoteGlobalIDString = 24E9B5722BDC026700F70E47;
			remoteInfo = weatherAppDemo;
		};
/* End PBXContainerItemProxy section */

/* Begin PBXFileReference section */
		241EC97D2BE04E250001AE72 /* WeatherRow.swift */ = {isa = PBXFileReference; lastKnownFileType = sourcecode.swift; path = WeatherRow.swift; sourceTree = "<group>"; };
		24B9ECBA2BDFF72100F708B8 /* Extensions.swift */ = {isa = PBXFileReference; lastKnownFileType = sourcecode.swift; path = Extensions.swift; sourceTree = "<group>"; };
		24E9B5732BDC026700F70E47 /* weatherAppDemo.app */ = {isa = PBXFileReference; explicitFileType = wrapper.application; includeInIndex = 0; path = weatherAppDemo.app; sourceTree = BUILT_PRODUCTS_DIR; };
		24E9B5762BDC026700F70E47 /* weatherAppDemoApp.swift */ = {isa = PBXFileReference; lastKnownFileType = sourcecode.swift; path = weatherAppDemoApp.swift; sourceTree = "<group>"; };
		24E9B5782BDC026700F70E47 /* ContentView.swift */ = {isa = PBXFileReference; lastKnownFileType = sourcecode.swift; path = ContentView.swift; sourceTree = "<group>"; };
		24E9B57A2BDC026800F70E47 /* Assets.xcassets */ = {isa = PBXFileReference; lastKnownFileType = folder.assetcatalog; path = Assets.xcassets; sourceTree = "<group>"; };
		24E9B57D2BDC026800F70E47 /* Preview Assets.xcassets */ = {isa = PBXFileReference; lastKnownFileType = folder.assetcatalog; path = "Preview Assets.xcassets"; sourceTree = "<group>"; };
		24E9B5832BDC026800F70E47 /* weatherAppDemoTests.xctest */ = {isa = PBXFileReference; explicitFileType = wrapper.cfbundle; includeInIndex = 0; path = weatherAppDemoTests.xctest; sourceTree = BUILT_PRODUCTS_DIR; };
		24E9B5872BDC026800F70E47 /* weatherAppDemoTests.swift */ = {isa = PBXFileReference; lastKnownFileType = sourcecode.swift; path = weatherAppDemoTests.swift; sourceTree = "<group>"; };
		24E9B58D2BDC026800F70E47 /* weatherAppDemoUITests.xctest */ = {isa = PBXFileReference; explicitFileType = wrapper.cfbundle; includeInIndex = 0; path = weatherAppDemoUITests.xctest; sourceTree = BUILT_PRODUCTS_DIR; };
		24E9B5912BDC026800F70E47 /* weatherAppDemoUITests.swift */ = {isa = PBXFileReference; lastKnownFileType = sourcecode.swift; path = weatherAppDemoUITests.swift; sourceTree = "<group>"; };
		24E9B5932BDC026800F70E47 /* weatherAppDemoUITestsLaunchTests.swift */ = {isa = PBXFileReference; lastKnownFileType = sourcecode.swift; path = weatherAppDemoUITestsLaunchTests.swift; sourceTree = "<group>"; };
		24E9B5A12BDC039100F70E47 /* LocationManager.swift */ = {isa = PBXFileReference; lastKnownFileType = sourcecode.swift; path = LocationManager.swift; sourceTree = "<group>"; };
		24E9B5A42BDDAA4100F70E47 /* WelcomeView.swift */ = {isa = PBXFileReference; lastKnownFileType = sourcecode.swift; path = WelcomeView.swift; sourceTree = "<group>"; };
		24E9B5A62BDDADF400F70E47 /* LoadingView.swift */ = {isa = PBXFileReference; lastKnownFileType = sourcecode.swift; path = LoadingView.swift; sourceTree = "<group>"; };
		24E9B5A82BDDB0F600F70E47 /* WeatherManager.swift */ = {isa = PBXFileReference; lastKnownFileType = sourcecode.swift; path = WeatherManager.swift; sourceTree = "<group>"; };
		24E9B5AA2BDE4FCA00F70E47 /* WeatherView.swift */ = {isa = PBXFileReference; lastKnownFileType = sourcecode.swift; path = WeatherView.swift; sourceTree = "<group>"; };
		24E9B5AC2BDE505B00F70E47 /* ModelData.swift */ = {isa = PBXFileReference; lastKnownFileType = sourcecode.swift; path = ModelData.swift; sourceTree = "<group>"; };
		24E9B5B02BDE51B300F70E47 /* weatherData.json */ = {isa = PBXFileReference; lastKnownFileType = text.json; path = weatherData.json; sourceTree = "<group>"; };
/* End PBXFileReference section */

/* Begin PBXFrameworksBuildPhase section */
		24E9B5702BDC026700F70E47 /* Frameworks */ = {
			isa = PBXFrameworksBuildPhase;
			buildActionMask = 2147483647;
			files = (
			);
			runOnlyForDeploymentPostprocessing = 0;
		};
		24E9B5802BDC026800F70E47 /* Frameworks */ = {
			isa = PBXFrameworksBuildPhase;
			buildActionMask = 2147483647;
			files = (
			);
			runOnlyForDeploymentPostprocessing = 0;
		};
		24E9B58A2BDC026800F70E47 /* Frameworks */ = {
			isa = PBXFrameworksBuildPhase;
			buildActionMask = 2147483647;
			files = (
			);
			runOnlyForDeploymentPostprocessing = 0;
		};
/* End PBXFrameworksBuildPhase section */

/* Begin PBXGroup section */
		241EC97C2BE04E000001AE72 /* Components */ = {
			isa = PBXGroup;
			children = (
				241EC97D2BE04E250001AE72 /* WeatherRow.swift */,
			);
			path = Components;
			sourceTree = "<group>";
		};
		24E9B56A2BDC026700F70E47 = {
			isa = PBXGroup;
			children = (
				24E9B5752BDC026700F70E47 /* weatherAppDemo */,
				24E9B5862BDC026800F70E47 /* weatherAppDemoTests */,
				24E9B5902BDC026800F70E47 /* weatherAppDemoUITests */,
				24E9B5742BDC026700F70E47 /* Products */,
			);
			sourceTree = "<group>";
		};
		24E9B5742BDC026700F70E47 /* Products */ = {
			isa = PBXGroup;
			children = (
				24E9B5732BDC026700F70E47 /* weatherAppDemo.app */,
				24E9B5832BDC026800F70E47 /* weatherAppDemoTests.xctest */,
				24E9B58D2BDC026800F70E47 /* weatherAppDemoUITests.xctest */,
			);
			name = Products;
			sourceTree = "<group>";
		};
		24E9B5752BDC026700F70E47 /* weatherAppDemo */ = {
			isa = PBXGroup;
			children = (
				241EC97C2BE04E000001AE72 /* Components */,
				24E9B5A32BDC07F100F70E47 /* Views */,
				24E9B5A02BDC037C00F70E47 /* Manager */,
				24E9B5762BDC026700F70E47 /* weatherAppDemoApp.swift */,
				24E9B57A2BDC026800F70E47 /* Assets.xcassets */,
				24E9B57C2BDC026800F70E47 /* Preview Content */,
				24B9ECBA2BDFF72100F708B8 /* Extensions.swift */,
			);
			path = weatherAppDemo;
			sourceTree = "<group>";
		};
		24E9B57C2BDC026800F70E47 /* Preview Content */ = {
			isa = PBXGroup;
			children = (
				24E9B57D2BDC026800F70E47 /* Preview Assets.xcassets */,
				24E9B5AC2BDE505B00F70E47 /* ModelData.swift */,
				24E9B5B02BDE51B300F70E47 /* weatherData.json */,
			);
			path = "Preview Content";
			sourceTree = "<group>";
		};
		24E9B5862BDC026800F70E47 /* weatherAppDemoTests */ = {
			isa = PBXGroup;
			children = (
				24E9B5872BDC026800F70E47 /* weatherAppDemoTests.swift */,
			);
			path = weatherAppDemoTests;
			sourceTree = "<group>";
		};
		24E9B5902BDC026800F70E47 /* weatherAppDemoUITests */ = {
			isa = PBXGroup;
			children = (
				24E9B5912BDC026800F70E47 /* weatherAppDemoUITests.swift */,
				24E9B5932BDC026800F70E47 /* weatherAppDemoUITestsLaunchTests.swift */,
			);
			path = weatherAppDemoUITests;
			sourceTree = "<group>";
		};
		24E9B5A02BDC037C00F70E47 /* Manager */ = {
			isa = PBXGroup;
			children = (
				24E9B5A12BDC039100F70E47 /* LocationManager.swift */,
				24E9B5A82BDDB0F600F70E47 /* WeatherManager.swift */,
			);
			path = Manager;
			sourceTree = "<group>";
		};
		24E9B5A32BDC07F100F70E47 /* Views */ = {
			isa = PBXGroup;
			children = (
				24E9B5782BDC026700F70E47 /* ContentView.swift */,
				24E9B5A42BDDAA4100F70E47 /* WelcomeView.swift */,
				24E9B5A62BDDADF400F70E47 /* LoadingView.swift */,
				24E9B5AA2BDE4FCA00F70E47 /* WeatherView.swift */,
			);
			name = Views;
			sourceTree = "<group>";
		};
/* End PBXGroup section */

/* Begin PBXNativeTarget section */
		24E9B5722BDC026700F70E47 /* weatherAppDemo */ = {
			isa = PBXNativeTarget;
			buildConfigurationList = 24E9B5972BDC026800F70E47 /* Build configuration list for PBXNativeTarget "weatherAppDemo" */;
			buildPhases = (
				24E9B56F2BDC026700F70E47 /* Sources */,
				24E9B5702BDC026700F70E47 /* Frameworks */,
				24E9B5712BDC026700F70E47 /* Resources */,
			);
			buildRules = (
			);
			dependencies = (
			);
			name = weatherAppDemo;
			productName = weatherAppDemo;
			productReference = 24E9B5732BDC026700F70E47 /* weatherAppDemo.app */;
			productType = "com.apple.product-type.application";
		};
		24E9B5822BDC026800F70E47 /* weatherAppDemoTests */ = {
			isa = PBXNativeTarget;
			buildConfigurationList = 24E9B59A2BDC026800F70E47 /* Build configuration list for PBXNativeTarget "weatherAppDemoTests" */;
			buildPhases = (
				24E9B57F2BDC026800F70E47 /* Sources */,
				24E9B5802BDC026800F70E47 /* Frameworks */,
				24E9B5812BDC026800F70E47 /* Resources */,
			);
			buildRules = (
			);
			dependencies = (
				24E9B5852BDC026800F70E47 /* PBXTargetDependency */,
			);
			name = weatherAppDemoTests;
			productName = weatherAppDemoTests;
			productReference = 24E9B5832BDC026800F70E47 /* weatherAppDemoTests.xctest */;
			productType = "com.apple.product-type.bundle.unit-test";
		};
		24E9B58C2BDC026800F70E47 /* weatherAppDemoUITests */ = {
			isa = PBXNativeTarget;
			buildConfigurationList = 24E9B59D2BDC026800F70E47 /* Build configuration list for PBXNativeTarget "weatherAppDemoUITests" */;
			buildPhases = (
				24E9B5892BDC026800F70E47 /* Sources */,
				24E9B58A2BDC026800F70E47 /* Frameworks */,
				24E9B58B2BDC026800F70E47 /* Resources */,
			);
			buildRules = (
			);
			dependencies = (
				24E9B58F2BDC026800F70E47 /* PBXTargetDependency */,
			);
			name = weatherAppDemoUITests;
			productName = weatherAppDemoUITests;
			productReference = 24E9B58D2BDC026800F70E47 /* weatherAppDemoUITests.xctest */;
			productType = "com.apple.product-type.bundle.ui-testing";
		};
/* End PBXNativeTarget section */

/* Begin PBXProject section */
		24E9B56B2BDC026700F70E47 /* Project object */ = {
			isa = PBXProject;
			attributes = {
				BuildIndependentTargetsInParallel = 1;
				LastSwiftUpdateCheck = 1530;
				LastUpgradeCheck = 1530;
				TargetAttributes = {
					24E9B5722BDC026700F70E47 = {
						CreatedOnToolsVersion = 15.3;
					};
					24E9B5822BDC026800F70E47 = {
						CreatedOnToolsVersion = 15.3;
						TestTargetID = 24E9B5722BDC026700F70E47;
					};
					24E9B58C2BDC026800F70E47 = {
						CreatedOnToolsVersion = 15.3;
						TestTargetID = 24E9B5722BDC026700F70E47;
					};
				};
			};
			buildConfigurationList = 24E9B56E2BDC026700F70E47 /* Build configuration list for PBXProject "weatherAppDemo" */;
			compatibilityVersion = "Xcode 14.0";
			developmentRegion = en;
			hasScannedForEncodings = 0;
			knownRegions = (
				en,
				Base,
			);
			mainGroup = 24E9B56A2BDC026700F70E47;
			productRefGroup = 24E9B5742BDC026700F70E47 /* Products */;
			projectDirPath = "";
			projectRoot = "";
			targets = (
				24E9B5722BDC026700F70E47 /* weatherAppDemo */,
				24E9B5822BDC026800F70E47 /* weatherAppDemoTests */,
				24E9B58C2BDC026800F70E47 /* weatherAppDemoUITests */,
			);
		};
/* End PBXProject section */

/* Begin PBXResourcesBuildPhase section */
		24E9B5712BDC026700F70E47 /* Resources */ = {
			isa = PBXResourcesBuildPhase;
			buildActionMask = 2147483647;
			files = (
				24E9B5B12BDE51B300F70E47 /* weatherData.json in Resources */,
				24E9B57E2BDC026800F70E47 /* Preview Assets.xcassets in Resources */,
				24E9B57B2BDC026800F70E47 /* Assets.xcassets in Resources */,
			);
			runOnlyForDeploymentPostprocessing = 0;
		};
		24E9B5812BDC026800F70E47 /* Resources */ = {
			isa = PBXResourcesBuildPhase;
			buildActionMask = 2147483647;
			files = (
			);
			runOnlyForDeploymentPostprocessing = 0;
		};
		24E9B58B2BDC026800F70E47 /* Resources */ = {
			isa = PBXResourcesBuildPhase;
			buildActionMask = 2147483647;
			files = (
			);
			runOnlyForDeploymentPostprocessing = 0;
		};
/* End PBXResourcesBuildPhase section */

/* Begin PBXSourcesBuildPhase section */
		24E9B56F2BDC026700F70E47 /* Sources */ = {
			isa = PBXSourcesBuildPhase;
			buildActionMask = 2147483647;
			files = (
				24E9B5A92BDDB0F600F70E47 /* WeatherManager.swift in Sources */,
				24B9ECBB2BDFF72100F708B8 /* Extensions.swift in Sources */,
				24E9B5792BDC026700F70E47 /* ContentView.swift in Sources */,
				24E9B5772BDC026700F70E47 /* weatherAppDemoApp.swift in Sources */,
				24E9B5A22BDC039100F70E47 /* LocationManager.swift in Sources */,
				241EC97E2BE04E250001AE72 /* WeatherRow.swift in Sources */,
				24E9B5A72BDDADF400F70E47 /* LoadingView.swift in Sources */,
				24E9B5AD2BDE505B00F70E47 /* ModelData.swift in Sources */,
				24E9B5AB2BDE4FCA00F70E47 /* WeatherView.swift in Sources */,
				24E9B5A52BDDAA4100F70E47 /* WelcomeView.swift in Sources */,
			);
			runOnlyForDeploymentPostprocessing = 0;
		};
		24E9B57F2BDC026800F70E47 /* Sources */ = {
			isa = PBXSourcesBuildPhase;
			buildActionMask = 2147483647;
			files = (
				24E9B5882BDC026800F70E47 /* weatherAppDemoTests.swift in Sources */,
			);
			runOnlyForDeploymentPostprocessing = 0;
		};
		24E9B5892BDC026800F70E47 /* Sources */ = {
			isa = PBXSourcesBuildPhase;
			buildActionMask = 2147483647;
			files = (
				24E9B5942BDC026800F70E47 /* weatherAppDemoUITestsLaunchTests.swift in Sources */,
				24E9B5922BDC026800F70E47 /* weatherAppDemoUITests.swift in Sources */,
			);
			runOnlyForDeploymentPostprocessing = 0;
		};
/* End PBXSourcesBuildPhase section */

/* Begin PBXTargetDependency section */
		24E9B5852BDC026800F70E47 /* PBXTargetDependency */ = {
			isa = PBXTargetDependency;
			target = 24E9B5722BDC026700F70E47 /* weatherAppDemo */;
			targetProxy = 24E9B5842BDC026800F70E47 /* PBXContainerItemProxy */;
		};
		24E9B58F2BDC026800F70E47 /* PBXTargetDependency */ = {
			isa = PBXTargetDependency;
			target = 24E9B5722BDC026700F70E47 /* weatherAppDemo */;
			targetProxy = 24E9B58E2BDC026800F70E47 /* PBXContainerItemProxy */;
		};
/* End PBXTargetDependency section */

/* Begin XCBuildConfiguration section */
		24E9B5952BDC026800F70E47 /* Debug */ = {
			isa = XCBuildConfiguration;
			buildSettings = {
				ALWAYS_SEARCH_USER_PATHS = NO;
				ASSETCATALOG_COMPILER_GENERATE_SWIFT_ASSET_SYMBOL_EXTENSIONS = YES;
				CLANG_ANALYZER_NONNULL = YES;
				CLANG_ANALYZER_NUMBER_OBJECT_CONVERSION = YES_AGGRESSIVE;
				CLANG_CXX_LANGUAGE_STANDARD = "gnu++20";
				CLANG_ENABLE_MODULES = YES;
				CLANG_ENABLE_OBJC_ARC = YES;
				CLANG_ENABLE_OBJC_WEAK = YES;
				CLANG_WARN_BLOCK_CAPTURE_AUTORELEASING = YES;
				CLANG_WARN_BOOL_CONVERSION = YES;
				CLANG_WARN_COMMA = YES;
				CLANG_WARN_CONSTANT_CONVERSION = YES;
				CLANG_WARN_DEPRECATED_OBJC_IMPLEMENTATIONS = YES;
				CLANG_WARN_DIRECT_OBJC_ISA_USAGE = YES_ERROR;
				CLANG_WARN_DOCUMENTATION_COMMENTS = YES;
				CLANG_WARN_EMPTY_BODY = YES;
				CLANG_WARN_ENUM_CONVERSION = YES;
				CLANG_WARN_INFINITE_RECURSION = YES;
				CLANG_WARN_INT_CONVERSION = YES;
				CLANG_WARN_NON_LITERAL_NULL_CONVERSION = YES;
				CLANG_WARN_OBJC_IMPLICIT_RETAIN_SELF = YES;
				CLANG_WARN_OBJC_LITERAL_CONVERSION = YES;
				CLANG_WARN_OBJC_ROOT_CLASS = YES_ERROR;
				CLANG_WARN_QUOTED_INCLUDE_IN_FRAMEWORK_HEADER = YES;
				CLANG_WARN_RANGE_LOOP_ANALYSIS = YES;
				CLANG_WARN_STRICT_PROTOTYPES = YES;
				CLANG_WARN_SUSPICIOUS_MOVE = YES;
				CLANG_WARN_UNGUARDED_AVAILABILITY = YES_AGGRESSIVE;
				CLANG_WARN_UNREACHABLE_CODE = YES;
				CLANG_WARN__DUPLICATE_METHOD_MATCH = YES;
				COPY_PHASE_STRIP = NO;
				DEBUG_INFORMATION_FORMAT = dwarf;
				ENABLE_STRICT_OBJC_MSGSEND = YES;
				ENABLE_TESTABILITY = YES;
				ENABLE_USER_SCRIPT_SANDBOXING = YES;
				GCC_C_LANGUAGE_STANDARD = gnu17;
				GCC_DYNAMIC_NO_PIC = NO;
				GCC_NO_COMMON_BLOCKS = YES;
				GCC_OPTIMIZATION_LEVEL = 0;
				GCC_PREPROCESSOR_DEFINITIONS = (
					"DEBUG=1",
					"$(inherited)",
				);
				GCC_WARN_64_TO_32_BIT_CONVERSION = YES;
				GCC_WARN_ABOUT_RETURN_TYPE = YES_ERROR;
				GCC_WARN_UNDECLARED_SELECTOR = YES;
				GCC_WARN_UNINITIALIZED_AUTOS = YES_AGGRESSIVE;
				GCC_WARN_UNUSED_FUNCTION = YES;
				GCC_WARN_UNUSED_VARIABLE = YES;
				IPHONEOS_DEPLOYMENT_TARGET = 17.1;
				LOCALIZATION_PREFERS_STRING_CATALOGS = YES;
				MTL_ENABLE_DEBUG_INFO = INCLUDE_SOURCE;
				MTL_FAST_MATH = YES;
				ONLY_ACTIVE_ARCH = YES;
				SDKROOT = iphoneos;
				SWIFT_ACTIVE_COMPILATION_CONDITIONS = "DEBUG $(inherited)";
				SWIFT_OPTIMIZATION_LEVEL = "-Onone";
			};
			name = Debug;
		};
		24E9B5962BDC026800F70E47 /* Release */ = {
			isa = XCBuildConfiguration;
			buildSettings = {
				ALWAYS_SEARCH_USER_PATHS = NO;
				ASSETCATALOG_COMPILER_GENERATE_SWIFT_ASSET_SYMBOL_EXTENSIONS = YES;
				CLANG_ANALYZER_NONNULL = YES;
				CLANG_ANALYZER_NUMBER_OBJECT_CONVERSION = YES_AGGRESSIVE;
				CLANG_CXX_LANGUAGE_STANDARD = "gnu++20";
				CLANG_ENABLE_MODULES = YES;
				CLANG_ENABLE_OBJC_ARC = YES;
				CLANG_ENABLE_OBJC_WEAK = YES;
				CLANG_WARN_BLOCK_CAPTURE_AUTORELEASING = YES;
				CLANG_WARN_BOOL_CONVERSION = YES;
				CLANG_WARN_COMMA = YES;
				CLANG_WARN_CONSTANT_CONVERSION = YES;
				CLANG_WARN_DEPRECATED_OBJC_IMPLEMENTATIONS = YES;
				CLANG_WARN_DIRECT_OBJC_ISA_USAGE = YES_ERROR;
				CLANG_WARN_DOCUMENTATION_COMMENTS = YES;
				CLANG_WARN_EMPTY_BODY = YES;
				CLANG_WARN_ENUM_CONVERSION = YES;
				CLANG_WARN_INFINITE_RECURSION = YES;
				CLANG_WARN_INT_CONVERSION = YES;
				CLANG_WARN_NON_LITERAL_NULL_CONVERSION = YES;
				CLANG_WARN_OBJC_IMPLICIT_RETAIN_SELF = YES;
				CLANG_WARN_OBJC_LITERAL_CONVERSION = YES;
				CLANG_WARN_OBJC_ROOT_CLASS = YES_ERROR;
				CLANG_WARN_QUOTED_INCLUDE_IN_FRAMEWORK_HEADER = YES;
				CLANG_WARN_RANGE_LOOP_ANALYSIS = YES;
				CLANG_WARN_STRICT_PROTOTYPES = YES;
				CLANG_WARN_SUSPICIOUS_MOVE = YES;
				CLANG_WARN_UNGUARDED_AVAILABILITY = YES_AGGRESSIVE;
				CLANG_WARN_UNREACHABLE_CODE = YES;
				CLANG_WARN__DUPLICATE_METHOD_MATCH = YES;
				COPY_PHASE_STRIP = NO;
				DEBUG_INFORMATION_FORMAT = "dwarf-with-dsym";
				ENABLE_NS_ASSERTIONS = NO;
				ENABLE_STRICT_OBJC_MSGSEND = YES;
				ENABLE_USER_SCRIPT_SANDBOXING = YES;
				GCC_C_LANGUAGE_STANDARD = gnu17;
				GCC_NO_COMMON_BLOCKS = YES;
				GCC_WARN_64_TO_32_BIT_CONVERSION = YES;
				GCC_WARN_ABOUT_RETURN_TYPE = YES_ERROR;
				GCC_WARN_UNDECLARED_SELECTOR = YES;
				GCC_WARN_UNINITIALIZED_AUTOS = YES_AGGRESSIVE;
				GCC_WARN_UNUSED_FUNCTION = YES;
				GCC_WARN_UNUSED_VARIABLE = YES;
				IPHONEOS_DEPLOYMENT_TARGET = 17.1;
				LOCALIZATION_PREFERS_STRING_CATALOGS = YES;
				MTL_ENABLE_DEBUG_INFO = NO;
				MTL_FAST_MATH = YES;
				SDKROOT = iphoneos;
				SWIFT_COMPILATION_MODE = wholemodule;
				VALIDATE_PRODUCT = YES;
			};
			name = Release;
		};
		24E9B5982BDC026800F70E47 /* Debug */ = {
			isa = XCBuildConfiguration;
			buildSettings = {
				ASSETCATALOG_COMPILER_APPICON_NAME = AppIcon;
				ASSETCATALOG_COMPILER_GLOBAL_ACCENT_COLOR_NAME = AccentColor;
				CODE_SIGN_STYLE = Automatic;
				CURRENT_PROJECT_VERSION = 1;
				DEVELOPMENT_ASSET_PATHS = "\"weatherAppDemo/Preview Content\"";
				DEVELOPMENT_TEAM = 3NM5QV7PF3;
				ENABLE_PREVIEWS = YES;
				GENERATE_INFOPLIST_FILE = YES;
				INFOPLIST_KEY_CFBundleDisplayName = "Weather app demo";
				INFOPLIST_KEY_LSApplicationCategoryType = "public.app-category.weather";
				INFOPLIST_KEY_UIApplicationSceneManifest_Generation = YES;
				INFOPLIST_KEY_UIApplicationSupportsIndirectInputEvents = YES;
				INFOPLIST_KEY_UILaunchScreen_Generation = YES;
				INFOPLIST_KEY_UISupportedInterfaceOrientations_iPad = "UIInterfaceOrientationPortrait UIInterfaceOrientationPortraitUpsideDown UIInterfaceOrientationLandscapeLeft UIInterfaceOrientationLandscapeRight";
				INFOPLIST_KEY_UISupportedInterfaceOrientations_iPhone = "UIInterfaceOrientationPortrait UIInterfaceOrientationLandscapeLeft UIInterfaceOrientationLandscapeRight";
				IPHONEOS_DEPLOYMENT_TARGET = 17.1;
				LD_RUNPATH_SEARCH_PATHS = (
					"$(inherited)",
					"@executable_path/Frameworks",
				);
				MARKETING_VERSION = 1.0;
				PRODUCT_BUNDLE_IDENTIFIER = theomarie.weatherAppDemo;
				PRODUCT_NAME = "$(TARGET_NAME)";
				SWIFT_EMIT_LOC_STRINGS = YES;
				SWIFT_VERSION = 5.0;
				TARGETED_DEVICE_FAMILY = "1,2";
			};
			name = Debug;
		};
		24E9B5992BDC026800F70E47 /* Release */ = {
			isa = XCBuildConfiguration;
			buildSettings = {
				ASSETCATALOG_COMPILER_APPICON_NAME = AppIcon;
				ASSETCATALOG_COMPILER_GLOBAL_ACCENT_COLOR_NAME = AccentColor;
				CODE_SIGN_STYLE = Automatic;
				CURRENT_PROJECT_VERSION = 1;
				DEVELOPMENT_ASSET_PATHS = "\"weatherAppDemo/Preview Content\"";
				DEVELOPMENT_TEAM = 3NM5QV7PF3;
				ENABLE_PREVIEWS = YES;
				GENERATE_INFOPLIST_FILE = YES;
				INFOPLIST_KEY_CFBundleDisplayName = "Weather app demo";
				INFOPLIST_KEY_LSApplicationCategoryType = "public.app-category.weather";
				INFOPLIST_KEY_UIApplicationSceneManifest_Generation = YES;
				INFOPLIST_KEY_UIApplicationSupportsIndirectInputEvents = YES;
				INFOPLIST_KEY_UILaunchScreen_Generation = YES;
				INFOPLIST_KEY_UISupportedInterfaceOrientations_iPad = "UIInterfaceOrientationPortrait UIInterfaceOrientationPortraitUpsideDown UIInterfaceOrientationLandscapeLeft UIInterfaceOrientationLandscapeRight";
				INFOPLIST_KEY_UISupportedInterfaceOrientations_iPhone = "UIInterfaceOrientationPortrait UIInterfaceOrientationLandscapeLeft UIInterfaceOrientationLandscapeRight";
				IPHONEOS_DEPLOYMENT_TARGET = 17.1;
				LD_RUNPATH_SEARCH_PATHS = (
					"$(inherited)",
					"@executable_path/Frameworks",
				);
				MARKETING_VERSION = 1.0;
				PRODUCT_BUNDLE_IDENTIFIER = theomarie.weatherAppDemo;
				PRODUCT_NAME = "$(TARGET_NAME)";
				SWIFT_EMIT_LOC_STRINGS = YES;
				SWIFT_VERSION = 5.0;
				TARGETED_DEVICE_FAMILY = "1,2";
			};
			name = Release;
		};
		24E9B59B2BDC026800F70E47 /* Debug */ = {
			isa = XCBuildConfiguration;
			buildSettings = {
				ALWAYS_EMBED_SWIFT_STANDARD_LIBRARIES = YES;
				BUNDLE_LOADER = "$(TEST_HOST)";
				CODE_SIGN_STYLE = Automatic;
				CURRENT_PROJECT_VERSION = 1;
				DEVELOPMENT_TEAM = 3NM5QV7PF3;
				GENERATE_INFOPLIST_FILE = YES;
				IPHONEOS_DEPLOYMENT_TARGET = 17.4;
				MARKETING_VERSION = 1.0;
				PRODUCT_BUNDLE_IDENTIFIER = theomarie.weatherAppDemoTests;
				PRODUCT_NAME = "$(TARGET_NAME)";
				SWIFT_EMIT_LOC_STRINGS = NO;
				SWIFT_VERSION = 5.0;
				TARGETED_DEVICE_FAMILY = "1,2";
				TEST_HOST = "$(BUILT_PRODUCTS_DIR)/weatherAppDemo.app/$(BUNDLE_EXECUTABLE_FOLDER_PATH)/weatherAppDemo";
			};
			name = Debug;
		};
		24E9B59C2BDC026800F70E47 /* Release */ = {
			isa = XCBuildConfiguration;
			buildSettings = {
				ALWAYS_EMBED_SWIFT_STANDARD_LIBRARIES = YES;
				BUNDLE_LOADER = "$(TEST_HOST)";
				CODE_SIGN_STYLE = Automatic;
				CURRENT_PROJECT_VERSION = 1;
				DEVELOPMENT_TEAM = 3NM5QV7PF3;
				GENERATE_INFOPLIST_FILE = YES;
				IPHONEOS_DEPLOYMENT_TARGET = 17.4;
				MARKETING_VERSION = 1.0;
				PRODUCT_BUNDLE_IDENTIFIER = theomarie.weatherAppDemoTests;
				PRODUCT_NAME = "$(TARGET_NAME)";
				SWIFT_EMIT_LOC_STRINGS = NO;
				SWIFT_VERSION = 5.0;
				TARGETED_DEVICE_FAMILY = "1,2";
				TEST_HOST = "$(BUILT_PRODUCTS_DIR)/weatherAppDemo.app/$(BUNDLE_EXECUTABLE_FOLDER_PATH)/weatherAppDemo";
			};
			name = Release;
		};
		24E9B59E2BDC026800F70E47 /* Debug */ = {
			isa = XCBuildConfiguration;
			buildSettings = {
				ALWAYS_EMBED_SWIFT_STANDARD_LIBRARIES = YES;
				CODE_SIGN_STYLE = Automatic;
				CURRENT_PROJECT_VERSION = 1;
				DEVELOPMENT_TEAM = 3NM5QV7PF3;
				GENERATE_INFOPLIST_FILE = YES;
				MARKETING_VERSION = 1.0;
				PRODUCT_BUNDLE_IDENTIFIER = theomarie.weatherAppDemoUITests;
				PRODUCT_NAME = "$(TARGET_NAME)";
				SWIFT_EMIT_LOC_STRINGS = NO;
				SWIFT_VERSION = 5.0;
				TARGETED_DEVICE_FAMILY = "1,2";
				TEST_TARGET_NAME = weatherAppDemo;
			};
			name = Debug;
		};
		24E9B59F2BDC026800F70E47 /* Release */ = {
			isa = XCBuildConfiguration;
			buildSettings = {
				ALWAYS_EMBED_SWIFT_STANDARD_LIBRARIES = YES;
				CODE_SIGN_STYLE = Automatic;
				CURRENT_PROJECT_VERSION = 1;
				DEVELOPMENT_TEAM = 3NM5QV7PF3;
				GENERATE_INFOPLIST_FILE = YES;
				MARKETING_VERSION = 1.0;
				PRODUCT_BUNDLE_IDENTIFIER = theomarie.weatherAppDemoUITests;
				PRODUCT_NAME = "$(TARGET_NAME)";
				SWIFT_EMIT_LOC_STRINGS = NO;
				SWIFT_VERSION = 5.0;
				TARGETED_DEVICE_FAMILY = "1,2";
				TEST_TARGET_NAME = weatherAppDemo;
			};
			name = Release;
		};
/* End XCBuildConfiguration section */

/* Begin XCConfigurationList section */
		24E9B56E2BDC026700F70E47 /* Build configuration list for PBXProject "weatherAppDemo" */ = {
			isa = XCConfigurationList;
			buildConfigurations = (
				24E9B5952BDC026800F70E47 /* Debug */,
				24E9B5962BDC026800F70E47 /* Release */,
			);
			defaultConfigurationIsVisible = 0;
			defaultConfigurationName = Release;
		};
		24E9B5972BDC026800F70E47 /* Build configuration list for PBXNativeTarget "weatherAppDemo" */ = {
			isa = XCConfigurationList;
			buildConfigurations = (
				24E9B5982BDC026800F70E47 /* Debug */,
				24E9B5992BDC026800F70E47 /* Release */,
			);
			defaultConfigurationIsVisible = 0;
			defaultConfigurationName = Release;
		};
		24E9B59A2BDC026800F70E47 /* Build configuration list for PBXNativeTarget "weatherAppDemoTests" */ = {
			isa = XCConfigurationList;
			buildConfigurations = (
				24E9B59B2BDC026800F70E47 /* Debug */,
				24E9B59C2BDC026800F70E47 /* Release */,
			);
			defaultConfigurationIsVisible = 0;
			defaultConfigurationName = Release;
		};
		24E9B59D2BDC026800F70E47 /* Build configuration list for PBXNativeTarget "weatherAppDemoUITests" */ = {
			isa = XCConfigurationList;
			buildConfigurations = (
				24E9B59E2BDC026800F70E47 /* Debug */,
				24E9B59F2BDC026800F70E47 /* Release */,
			);
			defaultConfigurationIsVisible = 0;
			defaultConfigurationName = Release;
		};
/* End XCConfigurationList section */
	};
	rootObject = 24E9B56B2BDC026700F70E47 /* Project object */;
}
